{
  "name": "uni-app-blog",
  "lockfileVersion": 2,
  "requires": true,
  "packages": {
    "": {
      "dependencies": {
        "@dcloudio/uni-helper-json": "^1.0.13"
      }
    },
    "node_modules/@dcloudio/uni-helper-json": {
      "version": "1.0.13",
      "resolved": "https://registry.npmmirror.com/@dcloudio/uni-helper-json/-/uni-helper-json-1.0.13.tgz",
      "integrity": "sha512-FO9Iu4zW4td3Tr+eiCDWuele2ehkJ4qxQ/UhpAMLjso+ZdWz6NagK5Syh6cdy1hoDqbxpNoqnLynuJXe81Ereg=="
    }
  },
  "dependencies": {
    "@dcloudio/uni-helper-json": {
      "version": "1.0.13",
      "resolved": "https://registry.npmmirror.com/@dcloudio/uni-helper-json/-/uni-helper-json-1.0.13.tgz",
      "integrity": "sha512-FO9Iu4zW4td3Tr+eiCDWuele2ehkJ4qxQ/UhpAMLjso+ZdWz6NagK5Syh6cdy1hoDqbxpNoqnLynuJXe81Ereg=="
    }
  }
}
